
Microsoft Visual Studio Solution File, Format Version 12.00
# Visual Studio Version 17
VisualStudioVersion = 17.4.33213.308
MinimumVisualStudioVersion = 10.0.40219.1
Project("{FAE04EC0-301F-11D3-BF4B-00C04F79EFBC}") = "Method for LINQ", "Method for LINQ\Method for LINQ.csproj", "{678DAFFB-AD08-4A1D-ACA7-CE9B85F1AD9E}"
EndProject
Global
	GlobalSection(SolutionConfigurationPlatforms) = preSolution
		Debug|Any CPU = Debug|Any CPU
		Release|Any CPU = Release|Any CPU
	EndGlobalSection
	GlobalSection(ProjectConfigurationPlatforms) = postSolution
		{678DAFFB-AD08-4A1D-ACA7-CE9B85F1AD9E}.Debug|Any CPU.ActiveCfg = Debug|Any CPU
		{678DAFFB-AD08-4A1D-ACA7-CE9B85F1AD9E}.Debug|Any CPU.Build.0 = Debug|Any CPU
		{678DAFFB-AD08-4A1D-ACA7-CE9B85F1AD9E}.Release|Any CPU.ActiveCfg = Release|Any CPU
		{678DAFFB-AD08-4A1D-ACA7-CE9B85F1AD9E}.Release|Any CPU.Build.0 = Release|Any CPU
	EndGlobalSection
	GlobalSection(SolutionProperties) = preSolution
		HideSolutionNode = FALSE
	EndGlobalSection
	GlobalSection(ExtensibilityGlobals) = postSolution
		SolutionGuid = {7B4BF3C3-7B35-4B6C-AEF4-F50B46AEB512}
	EndGlobalSection
EndGlobal
